// !$*UTF8*$!
{
	archiveVersion = 1;
	classes = {
	};
	objectVersion = 46;
	objects = {

/* Begin PBXBuildFile section */
		8452A00E1BBFB8D5000CCF39 /* HorizontalViewController.m in Sources */ = {isa = PBXBuildFile; fileRef = 8452A00D1BBFB8D5000CCF39 /* HorizontalViewController.m */; };
		8452A0111BBFC3B7000CCF39 /* Calculator.m in Sources */ = {isa = PBXBuildFile; fileRef = 8452A0101BBFC3B7000CCF39 /* Calculator.m */; };
		846490351BBD3E6E00332093 /* main.m in Sources */ = {isa = PBXBuildFile; fileRef = 846490341BBD3E6E00332093 /* main.m */; };
		846490381BBD3E6E00332093 /* AppDelegate.m in Sources */ = {isa = PBXBuildFile; fileRef = 846490371BBD3E6E00332093 /* AppDelegate.m */; };
		8464903B1BBD3E6E00332093 /* VerticalViewController.m in Sources */ = {isa = PBXBuildFile; fileRef = 8464903A1BBD3E6E00332093 /* VerticalViewController.m */; };
		8464903E1BBD3E6E00332093 /* Main.storyboard in Resources */ = {isa = PBXBuildFile; fileRef = 8464903C1BBD3E6E00332093 /* Main.storyboard */; };
		846490401BBD3E6E00332093 /* Images.xcassets in Resources */ = {isa = PBXBuildFile; fileRef = 8464903F1BBD3E6E00332093 /* Images.xcassets */; };
		846490431BBD3E6E00332093 /* LaunchScreen.xib in Resources */ = {isa = PBXBuildFile; fileRef = 846490411BBD3E6E00332093 /* LaunchScreen.xib */; };
		8464904F1BBD3E6F00332093 /* MyCalculatorTests.m in Sources */ = {isa = PBXBuildFile; fileRef = 8464904E1BBD3E6F00332093 /* MyCalculatorTests.m */; };
/* End PBXBuildFile section */

/* Begin PBXContainerItemProxy section */
		846490491BBD3E6E00332093 /* PBXContainerItemProxy */ = {
			isa = PBXContainerItemProxy;
			containerPortal = 846490271BBD3E6E00332093 /* Project object */;
			proxyType = 1;
			remoteGlobalIDString = 8464902E1BBD3E6E00332093;
			remoteInfo = MyCalculator;
		};
/* End PBXContainerItemProxy section */

/* Begin PBXFileReference section */
		8452A00C1BBFB8D5000CCF39 /* HorizontalViewController.h */ = {isa = PBXFileReference; fileEncoding = 4; lastKnownFileType = sourcecode.c.h; path = HorizontalViewController.h; sourceTree = "<group>"; };
		8452A00D1BBFB8D5000CCF39 /* HorizontalViewController.m */ = {isa = PBXFileReference; fileEncoding = 4; lastKnownFileType = sourcecode.c.objc; path = HorizontalViewController.m; sourceTree = "<group>"; };
		8452A00F1BBFC3B7000CCF39 /* Calculator.h */ = {isa = PBXFileReference; fileEncoding = 4; lastKnownFileType = sourcecode.c.h; path = Calculator.h; sourceTree = "<group>"; };
		8452A0101BBFC3B7000CCF39 /* Calculator.m */ = {isa = PBXFileReference; fileEncoding = 4; lastKnownFileType = sourcecode.c.objc; path = Calculator.m; sourceTree = "<group>"; };
		8464902F1BBD3E6E00332093 /* MyCalculator.app */ = {isa = PBXFileReference; explicitFileType = wrapper.application; includeInIndex = 0; path = MyCalculator.app; sourceTree = BUILT_PRODUCTS_DIR; };
		846490331BBD3E6E00332093 /* Info.plist */ = {isa = PBXFileReference; lastKnownFileType = text.plist.xml; path = Info.plist; sourceTree = "<group>"; };
		846490341BBD3E6E00332093 /* main.m */ = {isa = PBXFileReference; lastKnownFileType = sourcecode.c.objc; path = main.m; sourceTree = "<group>"; };
		846490361BBD3E6E00332093 /* AppDelegate.h */ = {isa = PBXFileReference; lastKnownFileType = sourcecode.c.h; path = AppDelegate.h; sourceTree = "<group>"; };
		846490371BBD3E6E00332093 /* AppDelegate.m */ = {isa = PBXFileReference; lastKnownFileType = sourcecode.c.objc; path = AppDelegate.m; sourceTree = "<group>"; };
		846490391BBD3E6E00332093 /* VerticalViewController.h */ = {isa = PBXFileReference; lastKnownFileType = sourcecode.c.h; path = VerticalViewController.h; sourceTree = "<group>"; };
		8464903A1BBD3E6E00332093 /* VerticalViewController.m */ = {isa = PBXFileReference; lastKnownFileType = sourcecode.c.objc; path = VerticalViewController.m; sourceTree = "<group>"; };
		8464903D1BBD3E6E00332093 /* Base */ = {isa = PBXFileReference; lastKnownFileType = file.storyboard; name = Base; path = Base.lproj/Main.storyboard; sourceTree = "<group>"; };
		8464903F1BBD3E6E00332093 /* Images.xcassets */ = {isa = PBXFileReference; lastKnownFileType = folder.assetcatalog; path = Images.xcassets; sourceTree = "<group>"; };
		846490421BBD3E6E00332093 /* Base */ = {isa = PBXFileReference; lastKnownFileType = file.xib; name = Base; path = Base.lproj/LaunchScreen.xib; sourceTree = "<group>"; };
		846490481BBD3E6E00332093 /* MyCalculatorTests.xctest */ = {isa = PBXFileReference; explicitFileType = wrapper.cfbundle; includeInIndex = 0; path = MyCalculatorTests.xctest; sourceTree = BUILT_PRODUCTS_DIR; };
		8464904D1BBD3E6F00332093 /* Info.plist */ = {isa = PBXFileReference; lastKnownFileType = text.plist.xml; path = Info.plist; sourceTree = "<group>"; };
		8464904E1BBD3E6F00332093 /* MyCalculatorTests.m */ = {isa = PBXFileReference; lastKnownFileType = sourcecode.c.objc; path = MyCalculatorTests.m; sourceTree = "<group>"; };
/* End PBXFileReference section */

/* Begin PBXFrameworksBuildPhase section */
		8464902C1BBD3E6E00332093 /* Frameworks */ = {
			isa = PBXFrameworksBuildPhase;
			buildActionMask = 2147483647;
			files = (
			);
			runOnlyForDeploymentPostprocessing = 0;
		};
		846490451BBD3E6E00332093 /* Frameworks */ = {
			isa = PBXFrameworksBuildPhase;
			buildActionMask = 2147483647;
			files = (
			);
			runOnlyForDeploymentPostprocessing = 0;
		};
/* End PBXFrameworksBuildPhase section */

/* Begin PBXGroup section */
		846490261BBD3E6E00332093 = {
			isa = PBXGroup;
			children = (
				846490311BBD3E6E00332093 /* MyCalculator */,
				8464904B1BBD3E6E00332093 /* MyCalculatorTests */,
				846490301BBD3E6E00332093 /* Products */,
			);
			sourceTree = "<group>";
		};
		846490301BBD3E6E00332093 /* Products */ = {
			isa = PBXGroup;
			children = (
				8464902F1BBD3E6E00332093 /* MyCalculator.app */,
				846490481BBD3E6E00332093 /* MyCalculatorTests.xctest */,
			);
			name = Products;
			sourceTree = "<group>";
		};
		846490311BBD3E6E00332093 /* MyCalculator */ = {
			isa = PBXGroup;
			children = (
				8452A00F1BBFC3B7000CCF39 /* Calculator.h */,
				8452A0101BBFC3B7000CCF39 /* Calculator.m */,
				846490361BBD3E6E00332093 /* AppDelegate.h */,
				846490371BBD3E6E00332093 /* AppDelegate.m */,
				846490391BBD3E6E00332093 /* VerticalViewController.h */,
				8464903A1BBD3E6E00332093 /* VerticalViewController.m */,
				8452A00C1BBFB8D5000CCF39 /* HorizontalViewController.h */,
				8452A00D1BBFB8D5000CCF39 /* HorizontalViewController.m */,
				8464903C1BBD3E6E00332093 /* Main.storyboard */,
				8464903F1BBD3E6E00332093 /* Images.xcassets */,
				846490411BBD3E6E00332093 /* LaunchScreen.xib */,
				846490321BBD3E6E00332093 /* Supporting Files */,
			);
			path = MyCalculator;
			sourceTree = "<group>";
		};
		846490321BBD3E6E00332093 /* Supporting Files */ = {
			isa = PBXGroup;
			children = (
				846490331BBD3E6E00332093 /* Info.plist */,
				846490341BBD3E6E00332093 /* main.m */,
			);
			name = "Supporting Files";
			sourceTree = "<group>";
		};
		8464904B1BBD3E6E00332093 /* MyCalculatorTests */ = {
			isa = PBXGroup;
			children = (
				8464904E1BBD3E6F00332093 /* MyCalculatorTests.m */,
				8464904C1BBD3E6F00332093 /* Supporting Files */,
			);
			path = MyCalculatorTests;
			sourceTree = "<group>";
		};
		8464904C1BBD3E6F00332093 /* Supporting Files */ = {
			isa = PBXGroup;
			children = (
				8464904D1BBD3E6F00332093 /* Info.plist */,
			);
			name = "Supporting Files";
			sourceTree = "<group>";
		};
/* End PBXGroup section */

/* Begin PBXNativeTarget section */
		8464902E1BBD3E6E00332093 /* MyCalculator */ = {
			isa = PBXNativeTarget;
			buildConfigurationList = 846490521BBD3E6F00332093 /* Build configuration list for PBXNativeTarget "MyCalculator" */;
			buildPhases = (
				8464902B1BBD3E6E00332093 /* Sources */,
				8464902C1BBD3E6E00332093 /* Frameworks */,
				8464902D1BBD3E6E00332093 /* Resources */,
			);
			buildRules = (
			);
			dependencies = (
			);
			name = MyCalculator;
			productName = MyCalculator;
			productReference = 8464902F1BBD3E6E00332093 /* MyCalculator.app */;
			productType = "com.apple.product-type.application";
		};
		846490471BBD3E6E00332093 /* MyCalculatorTests */ = {
			isa = PBXNativeTarget;
			buildConfigurationList = 846490551BBD3E6F00332093 /* Build configuration list for PBXNativeTarget "MyCalculatorTests" */;
			buildPhases = (
				846490441BBD3E6E00332093 /* Sources */,
				846490451BBD3E6E00332093 /* Frameworks */,
				846490461BBD3E6E00332093 /* Resources */,
			);
			buildRules = (
			);
			dependencies = (
				8464904A1BBD3E6E00332093 /* PBXTargetDependency */,
			);
			name = MyCalculatorTests;
			productName = MyCalculatorTests;
			productReference = 846490481BBD3E6E00332093 /* MyCalculatorTests.xctest */;
			productType = "com.apple.product-type.bundle.unit-test";
		};
/* End PBXNativeTarget section */

/* Begin PBXProject section */
		846490271BBD3E6E00332093 /* Project object */ = {
			isa = PBXProject;
			attributes = {
				LastUpgradeCheck = 0630;
				ORGANIZATIONNAME = HY;
				TargetAttributes = {
					8464902E1BBD3E6E00332093 = {
						CreatedOnToolsVersion = 6.3.1;
					};
					846490471BBD3E6E00332093 = {
						CreatedOnToolsVersion = 6.3.1;
						TestTargetID = 8464902E1BBD3E6E00332093;
					};
				};
			};
			buildConfigurationList = 8464902A1BBD3E6E00332093 /* Build configuration list for PBXProject "MyCalculator" */;
			compatibilityVersion = "Xcode 3.2";
			developmentRegion = English;
			hasScannedForEncodings = 0;
			knownRegions = (
				en,
				Base,
			);
			mainGroup = 846490261BBD3E6E00332093;
			productRefGroup = 846490301BBD3E6E00332093 /* Products */;
			projectDirPath = "";
			projectRoot = "";
			targets = (
				8464902E1BBD3E6E00332093 /* MyCalculator */,
				846490471BBD3E6E00332093 /* MyCalculatorTests */,
			);
		};
/* End PBXProject section */

/* Begin PBXResourcesBuildPhase section */
		8464902D1BBD3E6E00332093 /* Resources */ = {
			isa = PBXResourcesBuildPhase;
			buildActionMask = 2147483647;
			files = (
				8464903E1BBD3E6E00332093 /* Main.storyboard in Resources */,
				846490431BBD3E6E00332093 /* LaunchScreen.xib in Resources */,
				846490401BBD3E6E00332093 /* Images.xcassets in Resources */,
			);
			runOnlyForDeploymentPostprocessing = 0;
		};
		846490461BBD3E6E00332093 /* Resources */ = {
			isa = PBXResourcesBuildPhase;
			buildActionMask = 2147483647;
			files = (
			);
			runOnlyForDeploymentPostprocessing = 0;
		};
/* End PBXResourcesBuildPhase section */

/* Begin PBXSourcesBuildPhase section */
		8464902B1BBD3E6E00332093 /* Sources */ = {
			isa = PBXSourcesBuildPhase;
			buildActionMask = 2147483647;
			files = (
				8464903B1BBD3E6E00332093 /* VerticalViewController.m in Sources */,
				846490381BBD3E6E00332093 /* AppDelegate.m in Sources */,
				8452A00E1BBFB8D5000CCF39 /* HorizontalViewController.m in Sources */,
				846490351BBD3E6E00332093 /* main.m in Sources */,
				8452A0111BBFC3B7000CCF39 /* Calculator.m in Sources */,
			);
			runOnlyForDeploymentPostprocessing = 0;
		};
		846490441BBD3E6E00332093 /* Sources */ = {
			isa = PBXSourcesBuildPhase;
			buildActionMask = 2147483647;
			files = (
				8464904F1BBD3E6F00332093 /* MyCalculatorTests.m in Sources */,
			);
			runOnlyForDeploymentPostprocessing = 0;
		};
/* End PBXSourcesBuildPhase section */

/* Begin PBXTargetDependency section */
		8464904A1BBD3E6E00332093 /* PBXTargetDependency */ = {
			isa = PBXTargetDependency;
			target = 8464902E1BBD3E6E00332093 /* MyCalculator */;
			targetProxy = 846490491BBD3E6E00332093 /* PBXContainerItemProxy */;
		};
/* End PBXTargetDependency section */

/* Begin PBXVariantGroup section */
		8464903C1BBD3E6E00332093 /* Main.storyboard */ = {
			isa = PBXVariantGroup;
			children = (
				8464903D1BBD3E6E00332093 /* Base */,
			);
			name = Main.storyboard;
			sourceTree = "<group>";
		};
		846490411BBD3E6E00332093 /* LaunchScreen.xib */ = {
			isa = PBXVariantGroup;
			children = (
				846490421BBD3E6E00332093 /* Base */,
			);
			name = LaunchScreen.xib;
			sourceTree = "<group>";
		};
/* End PBXVariantGroup section */

/* Begin XCBuildConfiguration section */
		846490501BBD3E6F00332093 /* Debug */ = {
			isa = XCBuildConfiguration;
			buildSettings = {
				ALWAYS_SEARCH_USER_PATHS = NO;
				CLANG_CXX_LANGUAGE_STANDARD = "gnu++0x";
				CLANG_CXX_LIBRARY = "libc++";
				CLANG_ENABLE_MODULES = YES;
				CLANG_ENABLE_OBJC_ARC = YES;
				CLANG_WARN_BOOL_CONVERSION = YES;
				CLANG_WARN_CONSTANT_CONVERSION = YES;
				CLANG_WARN_DIRECT_OBJC_ISA_USAGE = YES_ERROR;
				CLANG_WARN_EMPTY_BODY = YES;
				CLANG_WARN_ENUM_CONVERSION = YES;
				CLANG_WARN_INT_CONVERSION = YES;
				CLANG_WARN_OBJC_ROOT_CLASS = YES_ERROR;
				CLANG_WARN_UNREACHABLE_CODE = YES;
				CLANG_WARN__DUPLICATE_METHOD_MATCH = YES;
				"CODE_SIGN_IDENTITY[sdk=iphoneos*]" = "iPhone Developer";
				COPY_PHASE_STRIP = NO;
				DEBUG_INFORMATION_FORMAT = "dwarf-with-dsym";
				ENABLE_STRICT_OBJC_MSGSEND = YES;
				GCC_C_LANGUAGE_STANDARD = gnu99;
				GCC_DYNAMIC_NO_PIC = NO;
				GCC_NO_COMMON_BLOCKS = YES;
				GCC_OPTIMIZATION_LEVEL = 0;
				GCC_PREPROCESSOR_DEFINITIONS = (
					"DEBUG=1",
					"$(inherited)",
				);
				GCC_SYMBOLS_PRIVATE_EXTERN = NO;
				GCC_WARN_64_TO_32_BIT_CONVERSION = YES;
				GCC_WARN_ABOUT_RETURN_TYPE = YES_ERROR;
				GCC_WARN_UNDECLARED_SELECTOR = YES;
				GCC_WARN_UNINITIALIZED_AUTOS = YES_AGGRESSIVE;
				GCC_WARN_UNUSED_FUNCTION = YES;
				GCC_WARN_UNUSED_VARIABLE = YES;
				IPHONEOS_DEPLOYMENT_TARGET = 8.3;
				MTL_ENABLE_DEBUG_INFO = YES;
				ONLY_ACTIVE_ARCH = YES;
				SDKROOT = iphoneos;
				TARGETED_DEVICE_FAMILY = "1,2";
			};
			name = Debug;
		};
		846490511BBD3E6F00332093 /* Release */ = {
			isa = XCBuildConfiguration;
			buildSettings = {
				ALWAYS_SEARCH_USER_PATHS = NO;
				CLANG_CXX_LANGUAGE_STANDARD = "gnu++0x";
				CLANG_CXX_LIBRARY = "libc++";
				CLANG_ENABLE_MODULES = YES;
				CLANG_ENABLE_OBJC_ARC = YES;
				CLANG_WARN_BOOL_CONVERSION = YES;
				CLANG_WARN_CONSTANT_CONVERSION = YES;
				CLANG_WARN_DIRECT_OBJC_ISA_USAGE = YES_ERROR;
				CLANG_WARN_EMPTY_BODY = YES;
				CLANG_WARN_ENUM_CONVERSION = YES;
				CLANG_WARN_INT_CONVERSION = YES;
				CLANG_WARN_OBJC_ROOT_CLASS = YES_ERROR;
				CLANG_WARN_UNREACHABLE_CODE = YES;
				CLANG_WARN__DUPLICATE_METHOD_MATCH = YES;
				"CODE_SIGN_IDENTITY[sdk=iphoneos*]" = "iPhone Developer";
				COPY_PHASE_STRIP = NO;
				DEBUG_INFORMATION_FORMAT = "dwarf-with-dsym";
				ENABLE_NS_ASSERTIONS = NO;
				ENABLE_STRICT_OBJC_MSGSEND = YES;
				GCC_C_LANGUAGE_STANDARD = gnu99;
				GCC_NO_COMMON_BLOCKS = YES;
				GCC_WARN_64_TO_32_BIT_CONVERSION = YES;
				GCC_WARN_ABOUT_RETURN_TYPE = YES_ERROR;
				GCC_WARN_UNDECLARED_SELECTOR = YES;
				GCC_WARN_UNINITIALIZED_AUTOS = YES_AGGRESSIVE;
				GCC_WARN_UNUSED_FUNCTION = YES;
				GCC_WARN_UNUSED_VARIABLE = YES;
				IPHONEOS_DEPLOYMENT_TARGET = 8.3;
				MTL_ENABLE_DEBUG_INFO = NO;
				SDKROOT = iphoneos;
				TARGETED_DEVICE_FAMILY = "1,2";
				VALIDATE_PRODUCT = YES;
			};
			name = Release;
		};
		846490531BBD3E6F00332093 /* Debug */ = {
			isa = XCBuildConfiguration;
			buildSettings = {
				ASSETCATALOG_COMPILER_APPICON_NAME = AppIcon;
				INFOPLIST_FILE = MyCalculator/Info.plist;
				LD_RUNPATH_SEARCH_PATHS = "$(inherited) @executable_path/Frameworks";
				PRODUCT_NAME = "$(TARGET_NAME)";
			};
			name = Debug;
		};
		846490541BBD3E6F00332093 /* Release */ = {
			isa = XCBuildConfiguration;
			buildSettings = {
				ASSETCATALOG_COMPILER_APPICON_NAME = AppIcon;
				INFOPLIST_FILE = MyCalculator/Info.plist;
				LD_RUNPATH_SEARCH_PATHS = "$(inherited) @executable_path/Frameworks";
				PRODUCT_NAME = "$(TARGET_NAME)";
			};
			name = Release;
		};
		846490561BBD3E6F00332093 /* Debug */ = {
			isa = XCBuildConfiguration;
			buildSettings = {
				BUNDLE_LOADER = "$(TEST_HOST)";
				FRAMEWORK_SEARCH_PATHS = (
					"$(SDKROOT)/Developer/Library/Frameworks",
					"$(inherited)",
				);
				GCC_PREPROCESSOR_DEFINITIONS = (
					"DEBUG=1",
					"$(inherited)",
				);
				INFOPLIST_FILE = MyCalculatorTests/Info.plist;
				LD_RUNPATH_SEARCH_PATHS = "$(inherited) @executable_path/Frameworks @loader_path/Frameworks";
				PRODUCT_NAME = "$(TARGET_NAME)";
				TEST_HOST = "$(BUILT_PRODUCTS_DIR)/MyCalculator.app/MyCalculator";
			};
			name = Debug;
		};
		846490571BBD3E6F00332093 /* Release */ = {
			isa = XCBuildConfiguration;
			buildSettings = {
				BUNDLE_LOADER = "$(TEST_HOST)";
				FRAMEWORK_SEARCH_PATHS = (
					"$(SDKROOT)/Developer/Library/Frameworks",
					"$(inherited)",
				);
				INFOPLIST_FILE = MyCalculatorTests/Info.plist;
				LD_RUNPATH_SEARCH_PATHS = "$(inherited) @executable_path/Frameworks @loader_path/Frameworks";
				PRODUCT_NAME = "$(TARGET_NAME)";
				TEST_HOST = "$(BUILT_PRODUCTS_DIR)/MyCalculator.app/MyCalculator";
			};
			name = Release;
		};
/* End XCBuildConfiguration section */

/* Begin XCConfigurationList section */
		8464902A1BBD3E6E00332093 /* Build configuration list for PBXProject "MyCalculator" */ = {
			isa = XCConfigurationList;
			buildConfigurations = (
				846490501BBD3E6F00332093 /* Debug */,
				846490511BBD3E6F00332093 /* Release */,
			);
			defaultConfigurationIsVisible = 0;
			defaultConfigurationName = Release;
		};
		846490521BBD3E6F00332093 /* Build configuration list for PBXNativeTarget "MyCalculator" */ = {
			isa = XCConfigurationList;
			buildConfigurations = (
				846490531BBD3E6F00332093 /* Debug */,
				846490541BBD3E6F00332093 /* Release */,
			);
			defaultConfigurationIsVisible = 0;
			defaultConfigurationName = Release;
		};
		846490551BBD3E6F00332093 /* Build configuration list for PBXNativeTarget "MyCalculatorTests" */ = {
			isa = XCConfigurationList;
			buildConfigurations = (
				846490561BBD3E6F00332093 /* Debug */,
				846490571BBD3E6F00332093 /* Release */,
			);
			defaultConfigurationIsVisible = 0;
			defaultConfigurationName = Release;
		};
/* End XCConfigurationList section */
	};
	rootObject = 846490271BBD3E6E00332093 /* Project object */;
}
